Microsoft Visual Studio Solution File, Format Version 11.00
# Visual Studio 2010
Project("{2150E333-8FDC-42A3-9474-1A3956D46DE8}") = "Solution Items", "Solution Items", "{8F43070C-E31A-4CEC-92AD-F2AA0B65475B}"
	ProjectSection(SolutionItems) = preProject
		ImageViewer.DesktopServices_dist.config = ImageViewer.DesktopServices_dist.config
		ImageViewer_critical.config = ImageViewer_critical.config
		ImageViewer_dist.config = ImageViewer_dist.config
		ImageViewer_dist.proj = ImageViewer_dist.proj
		ImageViewer_Shreds_critical.config = ImageViewer_Shreds_critical.config
		ImageViewer_Shreds_dist.config = ImageViewer_Shreds_dist.config
	EndProjectSection
EndProject
Project("{2150E333-8FDC-42A3-9474-1A3956D46DE8}") = "Common", "Common", "{03A72338-B6AB-4BD4-9BF9-58033CF28B20}"
EndProject
Project("{2150E333-8FDC-42A3-9474-1A3956D46DE8}") = "Desktop", "Desktop", "{86F0F125-9303-4827-9D11-025716E802EC}"
EndProject
Project("{2150E333-8FDC-42A3-9474-1A3956D46DE8}") = "ImageViewer", "ImageViewer", "{321D399D-B5D9-4AE3-8934-EB4C51BDF304}"
EndProject
Project("{FAE04EC0-301F-11D3-BF4B-00C04F79EFBC}") = "Macro.Common", "..\Common\Macro.Common.csproj", "{F6EAD428-E6CF-4DF6-B2F3-D33D532C5343}"
EndProject
Project("{FAE04EC0-301F-11D3-BF4B-00C04F79EFBC}") = "Macro.Dicom", "..\Dicom\Macro.Dicom.csproj", "{AD9ECE2B-8268-4115-8DC8-860FBD011FFF}"
EndProject
Project("{FAE04EC0-301F-11D3-BF4B-00C04F79EFBC}") = "Macro.Desktop", "..\Desktop\Macro.Desktop.csproj", "{26E9A01A-64B5-42C5-8252-FBB30DF9CEC7}"
EndProject
Project("{FAE04EC0-301F-11D3-BF4B-00C04F79EFBC}") = "Macro.ImageViewer", "Macro.ImageViewer.csproj", "{85100D3E-471C-47C9-9687-ABF25F617ED7}"
EndProject
Project("{FAE04EC0-301F-11D3-BF4B-00C04F79EFBC}") = "Macro.ImageViewer.Tools.Measurement", "Tools\Measurement\Macro.ImageViewer.Tools.Measurement.csproj", "{76E7A94E-5DCB-4B12-8D9E-7BD5084CE073}"
EndProject
Project("{FAE04EC0-301F-11D3-BF4B-00C04F79EFBC}") = "Macro.ImageViewer.Tools.Standard", "Tools\Standard\Macro.ImageViewer.Tools.Standard.csproj", "{9AF0770C-7E9F-483F-8429-D7894F06EB6C}"
EndProject
Project("{FAE04EC0-301F-11D3-BF4B-00C04F79EFBC}") = "Macro.ImageViewer.AnnotationProviders", "AnnotationProviders\Macro.ImageViewer.AnnotationProviders.csproj", "{A7C78084-947E-4955-9473-9F186B760AEC}"
EndProject
Project("{FAE04EC0-301F-11D3-BF4B-00C04F79EFBC}") = "Macro.ImageViewer.View.WinForms", "View\WinForms\Macro.ImageViewer.View.WinForms.csproj", "{1B8C0C00-F5E4-42B6-A389-B01717AF9460}"
EndProject
Project("{FAE04EC0-301F-11D3-BF4B-00C04F79EFBC}") = "Macro.ImageViewer.Configuration", "Configuration\Macro.ImageViewer.Configuration.csproj", "{89DF567B-A0D1-456A-A28F-043FD57D7F9A}"
EndProject
Project("{FAE04EC0-301F-11D3-BF4B-00C04F79EFBC}") = "Macro.ImageViewer.Tools.Measurement.View.WinForms", "Tools\Measurement\View\WinForms\Macro.ImageViewer.Tools.Measurement.View.WinForms.csproj", "{5C17A246-C4AB-4D66-8715-425192D88D6E}"
EndProject
Project("{FAE04EC0-301F-11D3-BF4B-00C04F79EFBC}") = "Macro.ImageViewer.DesktopServices", "DesktopServices\Macro.ImageViewer.DesktopServices.csproj", "{9144D03E-C4A2-4B34-B3B2-89A8834B3F02}"
EndProject
Project("{FAE04EC0-301F-11D3-BF4B-00C04F79EFBC}") = "Macro.ImageViewer.Common", "Common\Macro.ImageViewer.Common.csproj", "{FEFD73C5-8541-47D2-BBDB-FF61DEA28291}"
EndProject
Project("{FAE04EC0-301F-11D3-BF4B-00C04F79EFBC}") = "Macro.Dicom.Codec.Rle", "..\Dicom\Codec\Rle\Macro.Dicom.Codec.Rle.csproj", "{AB89527E-B1B6-49A4-B3A0-D07948FC23E0}"
EndProject
Project("{FAE04EC0-301F-11D3-BF4B-00C04F79EFBC}") = "Macro.ImageViewer.Utilities.Print.Dicom", "Utilities\Print\Macro.ImageViewer.Utilities.Print.Dicom.csproj", "{48497253-4461-49C3-90D9-58AA389ED22E}"
EndProject
Project("{FAE04EC0-301F-11D3-BF4B-00C04F79EFBC}") = "Macro.ImageViewer.Utilities.Print.View.WinForm", "Utilities\Print\View\WinForm\Macro.ImageViewer.Utilities.Print.View.WinForm.csproj", "{10F61F88-3FAF-49A4-8CD1-DC06771AE6B6}"
EndProject
Project("{2150E333-8FDC-42A3-9474-1A3956D46DE8}") = "Test", "Test", "{9A38A1F6-102A-48E1-87F8-6176FFACEBA8}"
EndProject
Project("{FAE04EC0-301F-11D3-BF4B-00C04F79EFBC}") = "Macro.ImageViewer.Utilities.Print.Dicom.Preview.View.Winforms", "Utilities\Print\Preview\View\Winforms\Macro.ImageViewer.Utilities.Print.Dicom.Preview.View.Winforms.csproj", "{23D34831-3519-4464-A8CB-3F89020F3D3F}"
EndProject
Project("{FAE04EC0-301F-11D3-BF4B-00C04F79EFBC}") = "Macro.ImageViewer.StudyManagement.Core", "StudyManagement\Core\Macro.ImageViewer.StudyManagement.Core.csproj", "{624BC225-49A8-4E92-942D-CDC976292EB9}"
EndProject
Project("{FAE04EC0-301F-11D3-BF4B-00C04F79EFBC}") = "TestAutomation", "DesktopServices\Automation\TestAutomation\TestAutomation.csproj", "{A978D3FE-C6F3-4339-9680-8948DE53B86F}"
EndProject
Project("{FAE04EC0-301F-11D3-BF4B-00C04F79EFBC}") = "Macro.Desktop.View.WinForms", "..\Desktop\View\WinForms\Macro.Desktop.View.WinForms.csproj", "{BB434EC3-A580-4744-A635-A2B4029C66DE}"
EndProject
Project("{FAE04EC0-301F-11D3-BF4B-00C04F79EFBC}") = "Macro.Desktop.Executable", "..\Desktop\Executable\Macro.Desktop.Executable.csproj", "{9CA6A6B8-2E7A-4D2C-AC35-D369F6B15AC8}"
EndProject
Global
	GlobalSection(SolutionConfigurationPlatforms) = preSolution
		Debug ASP|Any CPU = Debug ASP|Any CPU
		Debug ASP|Mixed Platforms = Debug ASP|Mixed Platforms
		Debug ASP|x86 = Debug ASP|x86
		Debug|Any CPU = Debug|Any CPU
		Debug|Mixed Platforms = Debug|Mixed Platforms
		Debug|x86 = Debug|x86
		Release ASP|Any CPU = Release ASP|Any CPU
		Release ASP|Mixed Platforms = Release ASP|Mixed Platforms
		Release ASP|x86 = Release ASP|x86
		Release|Any CPU = Release|Any CPU
		Release|Mixed Platforms = Release|Mixed Platforms
		Release|x86 = Release|x86
		UNIT_TESTS_USAGE_TRACKING|Any CPU = UNIT_TESTS_USAGE_TRACKING|Any CPU
		UNIT_TESTS_USAGE_TRACKING|Mixed Platforms = UNIT_TESTS_USAGE_TRACKING|Mixed Platforms
		UNIT_TESTS_USAGE_TRACKING|x86 = UNIT_TESTS_USAGE_TRACKING|x86
	EndGlobalSection
	GlobalSection(ProjectConfigurationPlatforms) = postSolution
		{F6EAD428-E6CF-4DF6-B2F3-D33D532C5343}.Debug ASP|Any CPU.ActiveCfg = Debug|Any CPU
		{F6EAD428-E6CF-4DF6-B2F3-D33D532C5343}.Debug ASP|Any CPU.Build.0 = Debug|Any CPU
		{F6EAD428-E6CF-4DF6-B2F3-D33D532C5343}.Debug ASP|Mixed Platforms.ActiveCfg = Debug|Any CPU
		{F6EAD428-E6CF-4DF6-B2F3-D33D532C5343}.Debug ASP|Mixed Platforms.Build.0 = Debug|Any CPU
		{F6EAD428-E6CF-4DF6-B2F3-D33D532C5343}.Debug ASP|x86.ActiveCfg = Debug|x86
		{F6EAD428-E6CF-4DF6-B2F3-D33D532C5343}.Debug ASP|x86.Build.0 = Debug|x86
		{F6EAD428-E6CF-4DF6-B2F3-D33D532C5343}.Debug|Any CPU.ActiveCfg = Debug|Any CPU
		{F6EAD428-E6CF-4DF6-B2F3-D33D532C5343}.Debug|Mixed Platforms.ActiveCfg = Debug|Any CPU
		{F6EAD428-E6CF-4DF6-B2F3-D33D532C5343}.Debug|x86.ActiveCfg = Debug|x86
		{F6EAD428-E6CF-4DF6-B2F3-D33D532C5343}.Debug|x86.Build.0 = Debug|x86
		{F6EAD428-E6CF-4DF6-B2F3-D33D532C5343}.Release ASP|Any CPU.ActiveCfg = Release|Any CPU
		{F6EAD428-E6CF-4DF6-B2F3-D33D532C5343}.Release ASP|Any CPU.Build.0 = Release|Any CPU
		{F6EAD428-E6CF-4DF6-B2F3-D33D532C5343}.Release ASP|Mixed Platforms.ActiveCfg = Release|Any CPU
		{F6EAD428-E6CF-4DF6-B2F3-D33D532C5343}.Release ASP|Mixed Platforms.Build.0 = Release|Any CPU
		{F6EAD428-E6CF-4DF6-B2F3-D33D532C5343}.Release ASP|x86.ActiveCfg = Release|x86
		{F6EAD428-E6CF-4DF6-B2F3-D33D532C5343}.Release ASP|x86.Build.0 = Release|x86
		{F6EAD428-E6CF-4DF6-B2F3-D33D532C5343}.Release|Any CPU.ActiveCfg = Release|Any CPU
		{F6EAD428-E6CF-4DF6-B2F3-D33D532C5343}.Release|Any CPU.Build.0 = Release|Any CPU
		{F6EAD428-E6CF-4DF6-B2F3-D33D532C5343}.Release|Mixed Platforms.ActiveCfg = Release|Any CPU
		{F6EAD428-E6CF-4DF6-B2F3-D33D532C5343}.Release|Mixed Platforms.Build.0 = Release|Any CPU
		{F6EAD428-E6CF-4DF6-B2F3-D33D532C5343}.Release|x86.ActiveCfg = Release|x86
		{F6EAD428-E6CF-4DF6-B2F3-D33D532C5343}.Release|x86.Build.0 = Release|x86
		{F6EAD428-E6CF-4DF6-B2F3-D33D532C5343}.UNIT_TESTS_USAGE_TRACKING|Any CPU.ActiveCfg = UNIT_TESTS_USAGE_TRACKING|Any CPU
		{F6EAD428-E6CF-4DF6-B2F3-D33D532C5343}.UNIT_TESTS_USAGE_TRACKING|Any CPU.Build.0 = UNIT_TESTS_USAGE_TRACKING|Any CPU
		{F6EAD428-E6CF-4DF6-B2F3-D33D532C5343}.UNIT_TESTS_USAGE_TRACKING|Mixed Platforms.ActiveCfg = UNIT_TESTS_USAGE_TRACKING|Any CPU
		{F6EAD428-E6CF-4DF6-B2F3-D33D532C5343}.UNIT_TESTS_USAGE_TRACKING|Mixed Platforms.Build.0 = UNIT_TESTS_USAGE_TRACKING|Any CPU
		{F6EAD428-E6CF-4DF6-B2F3-D33D532C5343}.UNIT_TESTS_USAGE_TRACKING|x86.ActiveCfg = UNIT_TESTS_USAGE_TRACKING|x86
		{F6EAD428-E6CF-4DF6-B2F3-D33D532C5343}.UNIT_TESTS_USAGE_TRACKING|x86.Build.0 = UNIT_TESTS_USAGE_TRACKING|x86
		{AD9ECE2B-8268-4115-8DC8-860FBD011FFF}.Debug ASP|Any CPU.ActiveCfg = Debug|Any CPU
		{AD9ECE2B-8268-4115-8DC8-860FBD011FFF}.Debug ASP|Any CPU.Build.0 = Debug|Any CPU
		{AD9ECE2B-8268-4115-8DC8-860FBD011FFF}.Debug ASP|Mixed Platforms.ActiveCfg = Debug|Any CPU
		{AD9ECE2B-8268-4115-8DC8-860FBD011FFF}.Debug ASP|Mixed Platforms.Build.0 = Debug|Any CPU
		{AD9ECE2B-8268-4115-8DC8-860FBD011FFF}.Debug ASP|x86.ActiveCfg = Debug|x86
		{AD9ECE2B-8268-4115-8DC8-860FBD011FFF}.Debug ASP|x86.Build.0 = Debug|x86
		{AD9ECE2B-8268-4115-8DC8-860FBD011FFF}.Debug|Any CPU.ActiveCfg = Debug|Any CPU
		{AD9ECE2B-8268-4115-8DC8-860FBD011FFF}.Debug|Mixed Platforms.ActiveCfg = Debug|Any CPU
		{AD9ECE2B-8268-4115-8DC8-860FBD011FFF}.Debug|x86.ActiveCfg = Debug|x86
		{AD9ECE2B-8268-4115-8DC8-860FBD011FFF}.Debug|x86.Build.0 = Debug|x86
		{AD9ECE2B-8268-4115-8DC8-860FBD011FFF}.Release ASP|Any CPU.ActiveCfg = Release|Any CPU
		{AD9ECE2B-8268-4115-8DC8-860FBD011FFF}.Release ASP|Any CPU.Build.0 = Release|Any CPU
		{AD9ECE2B-8268-4115-8DC8-860FBD011FFF}.Release ASP|Mixed Platforms.ActiveCfg = Release|Any CPU
		{AD9ECE2B-8268-4115-8DC8-860FBD011FFF}.Release ASP|Mixed Platforms.Build.0 = Release|Any CPU
		{AD9ECE2B-8268-4115-8DC8-860FBD011FFF}.Release ASP|x86.ActiveCfg = Release|x86
		{AD9ECE2B-8268-4115-8DC8-860FBD011FFF}.Release ASP|x86.Build.0 = Release|x86
		{AD9ECE2B-8268-4115-8DC8-860FBD011FFF}.Release|Any CPU.ActiveCfg = Release|Any CPU
		{AD9ECE2B-8268-4115-8DC8-860FBD011FFF}.Release|Any CPU.Build.0 = Release|Any CPU
		{AD9ECE2B-8268-4115-8DC8-860FBD011FFF}.Release|Mixed Platforms.ActiveCfg = Release|Any CPU
		{AD9ECE2B-8268-4115-8DC8-860FBD011FFF}.Release|Mixed Platforms.Build.0 = Release|Any CPU
		{AD9ECE2B-8268-4115-8DC8-860FBD011FFF}.Release|x86.ActiveCfg = Release|x86
		{AD9ECE2B-8268-4115-8DC8-860FBD011FFF}.Release|x86.Build.0 = Release|x86
		{AD9ECE2B-8268-4115-8DC8-860FBD011FFF}.UNIT_TESTS_USAGE_TRACKING|Any CPU.ActiveCfg = Release|Any CPU
		{AD9ECE2B-8268-4115-8DC8-860FBD011FFF}.UNIT_TESTS_USAGE_TRACKING|Any CPU.Build.0 = Release|Any CPU
		{AD9ECE2B-8268-4115-8DC8-860FBD011FFF}.UNIT_TESTS_USAGE_TRACKING|Mixed Platforms.ActiveCfg = Release|Any CPU
		{AD9ECE2B-8268-4115-8DC8-860FBD011FFF}.UNIT_TESTS_USAGE_TRACKING|Mixed Platforms.Build.0 = Release|Any CPU
		{AD9ECE2B-8268-4115-8DC8-860FBD011FFF}.UNIT_TESTS_USAGE_TRACKING|x86.ActiveCfg = Release|x86
		{AD9ECE2B-8268-4115-8DC8-860FBD011FFF}.UNIT_TESTS_USAGE_TRACKING|x86.Build.0 = Release|x86
		{26E9A01A-64B5-42C5-8252-FBB30DF9CEC7}.Debug ASP|Any CPU.ActiveCfg = Debug|Any CPU
		{26E9A01A-64B5-42C5-8252-FBB30DF9CEC7}.Debug ASP|Any CPU.Build.0 = Debug|Any CPU
		{26E9A01A-64B5-42C5-8252-FBB30DF9CEC7}.Debug ASP|Mixed Platforms.ActiveCfg = Debug|Any CPU
		{26E9A01A-64B5-42C5-8252-FBB30DF9CEC7}.Debug ASP|Mixed Platforms.Build.0 = Debug|Any CPU
		{26E9A01A-64B5-42C5-8252-FBB30DF9CEC7}.Debug ASP|x86.ActiveCfg = Debug|x86
		{26E9A01A-64B5-42C5-8252-FBB30DF9CEC7}.Debug ASP|x86.Build.0 = Debug|x86
		{26E9A01A-64B5-42C5-8252-FBB30DF9CEC7}.Debug|Any CPU.ActiveCfg = Debug|Any CPU
		{26E9A01A-64B5-42C5-8252-FBB30DF9CEC7}.Debug|Mixed Platforms.ActiveCfg = Debug|Any CPU
		{26E9A01A-64B5-42C5-8252-FBB30DF9CEC7}.Debug|x86.ActiveCfg = Debug|x86
		{26E9A01A-64B5-42C5-8252-FBB30DF9CEC7}.Debug|x86.Build.0 = Debug|x86
		{26E9A01A-64B5-42C5-8252-FBB30DF9CEC7}.Release ASP|Any CPU.ActiveCfg = Release|Any CPU
		{26E9A01A-64B5-42C5-8252-FBB30DF9CEC7}.Release ASP|Any CPU.Build.0 = Release|Any CPU
		{26E9A01A-64B5-42C5-8252-FBB30DF9CEC7}.Release ASP|Mixed Platforms.ActiveCfg = Release|Any CPU
		{26E9A01A-64B5-42C5-8252-FBB30DF9CEC7}.Release ASP|Mixed Platforms.Build.0 = Release|Any CPU
		{26E9A01A-64B5-42C5-8252-FBB30DF9CEC7}.Release ASP|x86.ActiveCfg = Release|x86
		{26E9A01A-64B5-42C5-8252-FBB30DF9CEC7}.Release ASP|x86.Build.0 = Release|x86
		{26E9A01A-64B5-42C5-8252-FBB30DF9CEC7}.Release|Any CPU.ActiveCfg = Release|Any CPU
		{26E9A01A-64B5-42C5-8252-FBB30DF9CEC7}.Release|Any CPU.Build.0 = Release|Any CPU
		{26E9A01A-64B5-42C5-8252-FBB30DF9CEC7}.Release|Mixed Platforms.ActiveCfg = Release|Any CPU
		{26E9A01A-64B5-42C5-8252-FBB30DF9CEC7}.Release|Mixed Platforms.Build.0 = Release|Any CPU
		{26E9A01A-64B5-42C5-8252-FBB30DF9CEC7}.Release|x86.ActiveCfg = Release|x86
		{26E9A01A-64B5-42C5-8252-FBB30DF9CEC7}.Release|x86.Build.0 = Release|x86
		{26E9A01A-64B5-42C5-8252-FBB30DF9CEC7}.UNIT_TESTS_USAGE_TRACKING|Any CPU.ActiveCfg = Release|Any CPU
		{26E9A01A-64B5-42C5-8252-FBB30DF9CEC7}.UNIT_TESTS_USAGE_TRACKING|Any CPU.Build.0 = Release|Any CPU
		{26E9A01A-64B5-42C5-8252-FBB30DF9CEC7}.UNIT_TESTS_USAGE_TRACKING|Mixed Platforms.ActiveCfg = Release|Any CPU
		{26E9A01A-64B5-42C5-8252-FBB30DF9CEC7}.UNIT_TESTS_USAGE_TRACKING|Mixed Platforms.Build.0 = Release|Any CPU
		{26E9A01A-64B5-42C5-8252-FBB30DF9CEC7}.UNIT_TESTS_USAGE_TRACKING|x86.ActiveCfg = Release|x86
		{26E9A01A-64B5-42C5-8252-FBB30DF9CEC7}.UNIT_TESTS_USAGE_TRACKING|x86.Build.0 = Release|x86
		{85100D3E-471C-47C9-9687-ABF25F617ED7}.Debug ASP|Any CPU.ActiveCfg = Debug|Any CPU
		{85100D3E-471C-47C9-9687-ABF25F617ED7}.Debug ASP|Any CPU.Build.0 = Debug|Any CPU
		{85100D3E-471C-47C9-9687-ABF25F617ED7}.Debug ASP|Mixed Platforms.ActiveCfg = Debug|Any CPU
		{85100D3E-471C-47C9-9687-ABF25F617ED7}.Debug ASP|Mixed Platforms.Build.0 = Debug|Any CPU
		{85100D3E-471C-47C9-9687-ABF25F617ED7}.Debug ASP|x86.ActiveCfg = Debug|x86
		{85100D3E-471C-47C9-9687-ABF25F617ED7}.Debug ASP|x86.Build.0 = Debug|x86
		{85100D3E-471C-47C9-9687-ABF25F617ED7}.Debug|Any CPU.ActiveCfg = Debug|Any CPU
		{85100D3E-471C-47C9-9687-ABF25F617ED7}.Debug|Mixed Platforms.ActiveCfg = Debug|Any CPU
		{85100D3E-471C-47C9-9687-ABF25F617ED7}.Debug|x86.ActiveCfg = Debug|x86
		{85100D3E-471C-47C9-9687-ABF25F617ED7}.Debug|x86.Build.0 = Debug|x86
		{85100D3E-471C-47C9-9687-ABF25F617ED7}.Release ASP|Any CPU.ActiveCfg = Release|Any CPU
		{85100D3E-471C-47C9-9687-ABF25F617ED7}.Release ASP|Any CPU.Build.0 = Release|Any CPU
		{85100D3E-471C-47C9-9687-ABF25F617ED7}.Release ASP|Mixed Platforms.ActiveCfg = Release|Any CPU
		{85100D3E-471C-47C9-9687-ABF25F617ED7}.Release ASP|Mixed Platforms.Build.0 = Release|Any CPU
		{85100D3E-471C-47C9-9687-ABF25F617ED7}.Release ASP|x86.ActiveCfg = Release|x86
		{85100D3E-471C-47C9-9687-ABF25F617ED7}.Release ASP|x86.Build.0 = Release|x86
		{85100D3E-471C-47C9-9687-ABF25F617ED7}.Release|Any CPU.ActiveCfg = Release|Any CPU
		{85100D3E-471C-47C9-9687-ABF25F617ED7}.Release|Any CPU.Build.0 = Release|Any CPU
		{85100D3E-471C-47C9-9687-ABF25F617ED7}.Release|Mixed Platforms.ActiveCfg = Release|Any CPU
		{85100D3E-471C-47C9-9687-ABF25F617ED7}.Release|Mixed Platforms.Build.0 = Release|Any CPU
		{85100D3E-471C-47C9-9687-ABF25F617ED7}.Release|x86.ActiveCfg = Release|x86
		{85100D3E-471C-47C9-9687-ABF25F617ED7}.Release|x86.Build.0 = Release|x86
		{85100D3E-471C-47C9-9687-ABF25F617ED7}.UNIT_TESTS_USAGE_TRACKING|Any CPU.ActiveCfg = Release|Any CPU
		{85100D3E-471C-47C9-9687-ABF25F617ED7}.UNIT_TESTS_USAGE_TRACKING|Any CPU.Build.0 = Release|Any CPU
		{85100D3E-471C-47C9-9687-ABF25F617ED7}.UNIT_TESTS_USAGE_TRACKING|Mixed Platforms.ActiveCfg = Release|Any CPU
		{85100D3E-471C-47C9-9687-ABF25F617ED7}.UNIT_TESTS_USAGE_TRACKING|Mixed Platforms.Build.0 = Release|Any CPU
		{85100D3E-471C-47C9-9687-ABF25F617ED7}.UNIT_TESTS_USAGE_TRACKING|x86.ActiveCfg = Release|x86
		{85100D3E-471C-47C9-9687-ABF25F617ED7}.UNIT_TESTS_USAGE_TRACKING|x86.Build.0 = Release|x86
		{76E7A94E-5DCB-4B12-8D9E-7BD5084CE073}.Debug ASP|Any CPU.ActiveCfg = Debug|Any CPU
		{76E7A94E-5DCB-4B12-8D9E-7BD5084CE073}.Debug ASP|Any CPU.Build.0 = Debug|Any CPU
		{76E7A94E-5DCB-4B12-8D9E-7BD5084CE073}.Debug ASP|Mixed Platforms.ActiveCfg = Debug|Any CPU
		{76E7A94E-5DCB-4B12-8D9E-7BD5084CE073}.Debug ASP|Mixed Platforms.Build.0 = Debug|Any CPU
		{76E7A94E-5DCB-4B12-8D9E-7BD5084CE073}.Debug ASP|x86.ActiveCfg = Debug|x86
		{76E7A94E-5DCB-4B12-8D9E-7BD5084CE073}.Debug ASP|x86.Build.0 = Debug|x86
		{76E7A94E-5DCB-4B12-8D9E-7BD5084CE073}.Debug|Any CPU.ActiveCfg = Debug|Any CPU
		{76E7A94E-5DCB-4B12-8D9E-7BD5084CE073}.Debug|Mixed Platforms.ActiveCfg = Debug|Any CPU
		{76E7A94E-5DCB-4B12-8D9E-7BD5084CE073}.Debug|x86.ActiveCfg = Debug|x86
		{76E7A94E-5DCB-4B12-8D9E-7BD5084CE073}.Debug|x86.Build.0 = Debug|x86
		{76E7A94E-5DCB-4B12-8D9E-7BD5084CE073}.Release ASP|Any CPU.ActiveCfg = Release|Any CPU
		{76E7A94E-5DCB-4B12-8D9E-7BD5084CE073}.Release ASP|Any CPU.Build.0 = Release|Any CPU
		{76E7A94E-5DCB-4B12-8D9E-7BD5084CE073}.Release ASP|Mixed Platforms.ActiveCfg = Release|Any CPU
		{76E7A94E-5DCB-4B12-8D9E-7BD5084CE073}.Release ASP|Mixed Platforms.Build.0 = Release|Any CPU
		{76E7A94E-5DCB-4B12-8D9E-7BD5084CE073}.Release ASP|x86.ActiveCfg = Release|x86
		{76E7A94E-5DCB-4B12-8D9E-7BD5084CE073}.Release ASP|x86.Build.0 = Release|x86
		{76E7A94E-5DCB-4B12-8D9E-7BD5084CE073}.Release|Any CPU.ActiveCfg = Release|Any CPU
		{76E7A94E-5DCB-4B12-8D9E-7BD5084CE073}.Release|Any CPU.Build.0 = Release|Any CPU
		{76E7A94E-5DCB-4B12-8D9E-7BD5084CE073}.Release|Mixed Platforms.ActiveCfg = Release|Any CPU
		{76E7A94E-5DCB-4B12-8D9E-7BD5084CE073}.Release|Mixed Platforms.Build.0 = Release|Any CPU
		{76E7A94E-5DCB-4B12-8D9E-7BD5084CE073}.Release|x86.ActiveCfg = Release|x86
		{76E7A94E-5DCB-4B12-8D9E-7BD5084CE073}.Release|x86.Build.0 = Release|x86
		{76E7A94E-5DCB-4B12-8D9E-7BD5084CE073}.UNIT_TESTS_USAGE_TRACKING|Any CPU.ActiveCfg = Release|Any CPU
		{76E7A94E-5DCB-4B12-8D9E-7BD5084CE073}.UNIT_TESTS_USAGE_TRACKING|Any CPU.Build.0 = Release|Any CPU
		{76E7A94E-5DCB-4B12-8D9E-7BD5084CE073}.UNIT_TESTS_USAGE_TRACKING|Mixed Platforms.ActiveCfg = Release|Any CPU
		{76E7A94E-5DCB-4B12-8D9E-7BD5084CE073}.UNIT_TESTS_USAGE_TRACKING|Mixed Platforms.Build.0 = Release|Any CPU
		{76E7A94E-5DCB-4B12-8D9E-7BD5084CE073}.UNIT_TESTS_USAGE_TRACKING|x86.ActiveCfg = Release|x86
		{76E7A94E-5DCB-4B12-8D9E-7BD5084CE073}.UNIT_TESTS_USAGE_TRACKING|x86.Build.0 = Release|x86
		{9AF0770C-7E9F-483F-8429-D7894F06EB6C}.Debug ASP|Any CPU.ActiveCfg = Debug|Any CPU
		{9AF0770C-7E9F-483F-8429-D7894F06EB6C}.Debug ASP|Any CPU.Build.0 = Debug|Any CPU
		{9AF0770C-7E9F-483F-8429-D7894F06EB6C}.Debug ASP|Mixed Platforms.ActiveCfg = Debug|Any CPU
		{9AF0770C-7E9F-483F-8429-D7894F06EB6C}.Debug ASP|Mixed Platforms.Build.0 = Debug|Any CPU
		{9AF0770C-7E9F-483F-8429-D7894F06EB6C}.Debug ASP|x86.ActiveCfg = Debug|x86
		{9AF0770C-7E9F-483F-8429-D7894F06EB6C}.Debug ASP|x86.Build.0 = Debug|x86
		{9AF0770C-7E9F-483F-8429-D7894F06EB6C}.Debug|Any CPU.ActiveCfg = Debug|Any CPU
		{9AF0770C-7E9F-483F-8429-D7894F06EB6C}.Debug|Mixed Platforms.ActiveCfg = Debug|Any CPU
		{9AF0770C-7E9F-483F-8429-D7894F06EB6C}.Debug|x86.ActiveCfg = Debug|x86
		{9AF0770C-7E9F-483F-8429-D7894F06EB6C}.Debug|x86.Build.0 = Debug|x86
		{9AF0770C-7E9F-483F-8429-D7894F06EB6C}.Release ASP|Any CPU.ActiveCfg = Release|Any CPU
		{9AF0770C-7E9F-483F-8429-D7894F06EB6C}.Release ASP|Any CPU.Build.0 = Release|Any CPU
		{9AF0770C-7E9F-483F-8429-D7894F06EB6C}.Release ASP|Mixed Platforms.ActiveCfg = Release|Any CPU
		{9AF0770C-7E9F-483F-8429-D7894F06EB6C}.Release ASP|Mixed Platforms.Build.0 = Release|Any CPU
		{9AF0770C-7E9F-483F-8429-D7894F06EB6C}.Release ASP|x86.ActiveCfg = Release|x86
		{9AF0770C-7E9F-483F-8429-D7894F06EB6C}.Release ASP|x86.Build.0 = Release|x86
		{9AF0770C-7E9F-483F-8429-D7894F06EB6C}.Release|Any CPU.ActiveCfg = Release|Any CPU
		{9AF0770C-7E9F-483F-8429-D7894F06EB6C}.Release|Any CPU.Build.0 = Release|Any CPU
		{9AF0770C-7E9F-483F-8429-D7894F06EB6C}.Release|Mixed Platforms.ActiveCfg = Release|Any CPU
		{9AF0770C-7E9F-483F-8429-D7894F06EB6C}.Release|Mixed Platforms.Build.0 = Release|Any CPU
		{9AF0770C-7E9F-483F-8429-D7894F06EB6C}.Release|x86.ActiveCfg = Release|x86
		{9AF0770C-7E9F-483F-8429-D7894F06EB6C}.Release|x86.Build.0 = Release|x86
		{9AF0770C-7E9F-483F-8429-D7894F06EB6C}.UNIT_TESTS_USAGE_TRACKING|Any CPU.ActiveCfg = Release|Any CPU
		{9AF0770C-7E9F-483F-8429-D7894F06EB6C}.UNIT_TESTS_USAGE_TRACKING|Any CPU.Build.0 = Release|Any CPU
		{9AF0770C-7E9F-483F-8429-D7894F06EB6C}.UNIT_TESTS_USAGE_TRACKING|Mixed Platforms.ActiveCfg = Release|Any CPU
		{9AF0770C-7E9F-483F-8429-D7894F06EB6C}.UNIT_TESTS_USAGE_TRACKING|Mixed Platforms.Build.0 = Release|Any CPU
		{9AF0770C-7E9F-483F-8429-D7894F06EB6C}.UNIT_TESTS_USAGE_TRACKING|x86.ActiveCfg = Release|x86
		{9AF0770C-7E9F-483F-8429-D7894F06EB6C}.UNIT_TESTS_USAGE_TRACKING|x86.Build.0 = Release|x86
		{A7C78084-947E-4955-9473-9F186B760AEC}.Debug ASP|Any CPU.ActiveCfg = Debug|Any CPU
		{A7C78084-947E-4955-9473-9F186B760AEC}.Debug ASP|Any CPU.Build.0 = Debug|Any CPU
		{A7C78084-947E-4955-9473-9F186B760AEC}.Debug ASP|Mixed Platforms.ActiveCfg = Debug|Any CPU
		{A7C78084-947E-4955-9473-9F186B760AEC}.Debug ASP|Mixed Platforms.Build.0 = Debug|Any CPU
		{A7C78084-947E-4955-9473-9F186B760AEC}.Debug ASP|x86.ActiveCfg = Debug|x86
		{A7C78084-947E-4955-9473-9F186B760AEC}.Debug ASP|x86.Build.0 = Debug|x86
		{A7C78084-947E-4955-9473-9F186B760AEC}.Debug|Any CPU.ActiveCfg = Debug|Any CPU
		{A7C78084-947E-4955-9473-9F186B760AEC}.Debug|Mixed Platforms.ActiveCfg = Debug|Any CPU
		{A7C78084-947E-4955-9473-9F186B760AEC}.Debug|x86.ActiveCfg = Debug|x86
		{A7C78084-947E-4955-9473-9F186B760AEC}.Debug|x86.Build.0 = Debug|x86
		{A7C78084-947E-4955-9473-9F186B760AEC}.Release ASP|Any CPU.ActiveCfg = Release|Any CPU
		{A7C78084-947E-4955-9473-9F186B760AEC}.Release ASP|Any CPU.Build.0 = Release|Any CPU
		{A7C78084-947E-4955-9473-9F186B760AEC}.Release ASP|Mixed Platforms.ActiveCfg = Release|Any CPU
		{A7C78084-947E-4955-9473-9F186B760AEC}.Release ASP|Mixed Platforms.Build.0 = Release|Any CPU
		{A7C78084-947E-4955-9473-9F186B760AEC}.Release ASP|x86.ActiveCfg = Release|x86
		{A7C78084-947E-4955-9473-9F186B760AEC}.Release ASP|x86.Build.0 = Release|x86
		{A7C78084-947E-4955-9473-9F186B760AEC}.Release|Any CPU.ActiveCfg = Release|Any CPU
		{A7C78084-947E-4955-9473-9F186B760AEC}.Release|Any CPU.Build.0 = Release|Any CPU
		{A7C78084-947E-4955-9473-9F186B760AEC}.Release|Mixed Platforms.ActiveCfg = Release|Any CPU
		{A7C78084-947E-4955-9473-9F186B760AEC}.Release|Mixed Platforms.Build.0 = Release|Any CPU
		{A7C78084-947E-4955-9473-9F186B760AEC}.Release|x86.ActiveCfg = Release|x86
		{A7C78084-947E-4955-9473-9F186B760AEC}.Release|x86.Build.0 = Release|x86
		{A7C78084-947E-4955-9473-9F186B760AEC}.UNIT_TESTS_USAGE_TRACKING|Any CPU.ActiveCfg = Release|Any CPU
		{A7C78084-947E-4955-9473-9F186B760AEC}.UNIT_TESTS_USAGE_TRACKING|Any CPU.Build.0 = Release|Any CPU
		{A7C78084-947E-4955-9473-9F186B760AEC}.UNIT_TESTS_USAGE_TRACKING|Mixed Platforms.ActiveCfg = Release|Any CPU
		{A7C78084-947E-4955-9473-9F186B760AEC}.UNIT_TESTS_USAGE_TRACKING|Mixed Platforms.Build.0 = Release|Any CPU
		{A7C78084-947E-4955-9473-9F186B760AEC}.UNIT_TESTS_USAGE_TRACKING|x86.ActiveCfg = Release|x86
		{A7C78084-947E-4955-9473-9F186B760AEC}.UNIT_TESTS_USAGE_TRACKING|x86.Build.0 = Release|x86
		{1B8C0C00-F5E4-42B6-A389-B01717AF9460}.Debug ASP|Any CPU.ActiveCfg = Debug|Any CPU
		{1B8C0C00-F5E4-42B6-A389-B01717AF9460}.Debug ASP|Any CPU.Build.0 = Debug|Any CPU
		{1B8C0C00-F5E4-42B6-A389-B01717AF9460}.Debug ASP|Mixed Platforms.ActiveCfg = Debug|Any CPU
		{1B8C0C00-F5E4-42B6-A389-B01717AF9460}.Debug ASP|Mixed Platforms.Build.0 = Debug|Any CPU
		{1B8C0C00-F5E4-42B6-A389-B01717AF9460}.Debug ASP|x86.ActiveCfg = Debug|x86
		{1B8C0C00-F5E4-42B6-A389-B01717AF9460}.Debug ASP|x86.Build.0 = Debug|x86
		{1B8C0C00-F5E4-42B6-A389-B01717AF9460}.Debug|Any CPU.ActiveCfg = Debug|Any CPU
		{1B8C0C00-F5E4-42B6-A389-B01717AF9460}.Debug|Mixed Platforms.ActiveCfg = Debug|Any CPU
		{1B8C0C00-F5E4-42B6-A389-B01717AF9460}.Debug|x86.ActiveCfg = Debug|x86
		{1B8C0C00-F5E4-42B6-A389-B01717AF9460}.Debug|x86.Build.0 = Debug|x86
		{1B8C0C00-F5E4-42B6-A389-B01717AF9460}.Release ASP|Any CPU.ActiveCfg = Release|Any CPU
		{1B8C0C00-F5E4-42B6-A389-B01717AF9460}.Release ASP|Any CPU.Build.0 = Release|Any CPU
		{1B8C0C00-F5E4-42B6-A389-B01717AF9460}.Release ASP|Mixed Platforms.ActiveCfg = Release|Any CPU
		{1B8C0C00-F5E4-42B6-A389-B01717AF9460}.Release ASP|Mixed Platforms.Build.0 = Release|Any CPU
		{1B8C0C00-F5E4-42B6-A389-B01717AF9460}.Release ASP|x86.ActiveCfg = Release|x86
		{1B8C0C00-F5E4-42B6-A389-B01717AF9460}.Release ASP|x86.Build.0 = Release|x86
		{1B8C0C00-F5E4-42B6-A389-B01717AF9460}.Release|Any CPU.ActiveCfg = Release|Any CPU
		{1B8C0C00-F5E4-42B6-A389-B01717AF9460}.Release|Any CPU.Build.0 = Release|Any CPU
		{1B8C0C00-F5E4-42B6-A389-B01717AF9460}.Release|Mixed Platforms.ActiveCfg = Release|Any CPU
		{1B8C0C00-F5E4-42B6-A389-B01717AF9460}.Release|Mixed Platforms.Build.0 = Release|Any CPU
		{1B8C0C00-F5E4-42B6-A389-B01717AF9460}.Release|x86.ActiveCfg = Release|x86
		{1B8C0C00-F5E4-42B6-A389-B01717AF9460}.Release|x86.Build.0 = Release|x86
		{1B8C0C00-F5E4-42B6-A389-B01717AF9460}.UNIT_TESTS_USAGE_TRACKING|Any CPU.ActiveCfg = Release|Any CPU
		{1B8C0C00-F5E4-42B6-A389-B01717AF9460}.UNIT_TESTS_USAGE_TRACKING|Any CPU.Build.0 = Release|Any CPU
		{1B8C0C00-F5E4-42B6-A389-B01717AF9460}.UNIT_TESTS_USAGE_TRACKING|Mixed Platforms.ActiveCfg = Release|Any CPU
		{1B8C0C00-F5E4-42B6-A389-B01717AF9460}.UNIT_TESTS_USAGE_TRACKING|Mixed Platforms.Build.0 = Release|Any CPU
		{1B8C0C00-F5E4-42B6-A389-B01717AF9460}.UNIT_TESTS_USAGE_TRACKING|x86.ActiveCfg = Release|x86
		{1B8C0C00-F5E4-42B6-A389-B01717AF9460}.UNIT_TESTS_USAGE_TRACKING|x86.Build.0 = Release|x86
		{89DF567B-A0D1-456A-A28F-043FD57D7F9A}.Debug ASP|Any CPU.ActiveCfg = Debug|Any CPU
		{89DF567B-A0D1-456A-A28F-043FD57D7F9A}.Debug ASP|Any CPU.Build.0 = Debug|Any CPU
		{89DF567B-A0D1-456A-A28F-043FD57D7F9A}.Debug ASP|Mixed Platforms.ActiveCfg = Debug|Any CPU
		{89DF567B-A0D1-456A-A28F-043FD57D7F9A}.Debug ASP|Mixed Platforms.Build.0 = Debug|Any CPU
		{89DF567B-A0D1-456A-A28F-043FD57D7F9A}.Debug ASP|x86.ActiveCfg = Debug|x86
		{89DF567B-A0D1-456A-A28F-043FD57D7F9A}.Debug ASP|x86.Build.0 = Debug|x86
		{89DF567B-A0D1-456A-A28F-043FD57D7F9A}.Debug|Any CPU.ActiveCfg = Debug|Any CPU
		{89DF567B-A0D1-456A-A28F-043FD57D7F9A}.Debug|Mixed Platforms.ActiveCfg = Debug|Any CPU
		{89DF567B-A0D1-456A-A28F-043FD57D7F9A}.Debug|x86.ActiveCfg = Debug|x86
		{89DF567B-A0D1-456A-A28F-043FD57D7F9A}.Debug|x86.Build.0 = Debug|x86
		{89DF567B-A0D1-456A-A28F-043FD57D7F9A}.Release ASP|Any CPU.ActiveCfg = Release|Any CPU
		{89DF567B-A0D1-456A-A28F-043FD57D7F9A}.Release ASP|Any CPU.Build.0 = Release|Any CPU
		{89DF567B-A0D1-456A-A28F-043FD57D7F9A}.Release ASP|Mixed Platforms.ActiveCfg = Release|Any CPU
		{89DF567B-A0D1-456A-A28F-043FD57D7F9A}.Release ASP|Mixed Platforms.Build.0 = Release|Any CPU
		{89DF567B-A0D1-456A-A28F-043FD57D7F9A}.Release ASP|x86.ActiveCfg = Release|x86
		{89DF567B-A0D1-456A-A28F-043FD57D7F9A}.Release ASP|x86.Build.0 = Release|x86
		{89DF567B-A0D1-456A-A28F-043FD57D7F9A}.Release|Any CPU.ActiveCfg = Release|Any CPU
		{89DF567B-A0D1-456A-A28F-043FD57D7F9A}.Release|Any CPU.Build.0 = Release|Any CPU
		{89DF567B-A0D1-456A-A28F-043FD57D7F9A}.Release|Mixed Platforms.ActiveCfg = Release|Any CPU
		{89DF567B-A0D1-456A-A28F-043FD57D7F9A}.Release|Mixed Platforms.Build.0 = Release|Any CPU
		{89DF567B-A0D1-456A-A28F-043FD57D7F9A}.Release|x86.ActiveCfg = Release|x86
		{89DF567B-A0D1-456A-A28F-043FD57D7F9A}.Release|x86.Build.0 = Release|x86
		{89DF567B-A0D1-456A-A28F-043FD57D7F9A}.UNIT_TESTS_USAGE_TRACKING|Any CPU.ActiveCfg = Release|Any CPU
		{89DF567B-A0D1-456A-A28F-043FD57D7F9A}.UNIT_TESTS_USAGE_TRACKING|Any CPU.Build.0 = Release|Any CPU
		{89DF567B-A0D1-456A-A28F-043FD57D7F9A}.UNIT_TESTS_USAGE_TRACKING|Mixed Platforms.ActiveCfg = Release|Any CPU
		{89DF567B-A0D1-456A-A28F-043FD57D7F9A}.UNIT_TESTS_USAGE_TRACKING|Mixed Platforms.Build.0 = Release|Any CPU
		{89DF567B-A0D1-456A-A28F-043FD57D7F9A}.UNIT_TESTS_USAGE_TRACKING|x86.ActiveCfg = Release|x86
		{89DF567B-A0D1-456A-A28F-043FD57D7F9A}.UNIT_TESTS_USAGE_TRACKING|x86.Build.0 = Release|x86
		{5C17A246-C4AB-4D66-8715-425192D88D6E}.Debug ASP|Any CPU.ActiveCfg = Debug|Any CPU
		{5C17A246-C4AB-4D66-8715-425192D88D6E}.Debug ASP|Any CPU.Build.0 = Debug|Any CPU
		{5C17A246-C4AB-4D66-8715-425192D88D6E}.Debug ASP|Mixed Platforms.ActiveCfg = Debug|Any CPU
		{5C17A246-C4AB-4D66-8715-425192D88D6E}.Debug ASP|Mixed Platforms.Build.0 = Debug|Any CPU
		{5C17A246-C4AB-4D66-8715-425192D88D6E}.Debug ASP|x86.ActiveCfg = Debug|x86
		{5C17A246-C4AB-4D66-8715-425192D88D6E}.Debug ASP|x86.Build.0 = Debug|x86
		{5C17A246-C4AB-4D66-8715-425192D88D6E}.Debug|Any CPU.ActiveCfg = Debug|Any CPU
		{5C17A246-C4AB-4D66-8715-425192D88D6E}.Debug|Mixed Platforms.ActiveCfg = Debug|Any CPU
		{5C17A246-C4AB-4D66-8715-425192D88D6E}.Debug|x86.ActiveCfg = Debug|x86
		{5C17A246-C4AB-4D66-8715-425192D88D6E}.Debug|x86.Build.0 = Debug|x86
		{5C17A246-C4AB-4D66-8715-425192D88D6E}.Release ASP|Any CPU.ActiveCfg = Release|Any CPU
		{5C17A246-C4AB-4D66-8715-425192D88D6E}.Release ASP|Any CPU.Build.0 = Release|Any CPU
		{5C17A246-C4AB-4D66-8715-425192D88D6E}.Release ASP|Mixed Platforms.ActiveCfg = Release|Any CPU
		{5C17A246-C4AB-4D66-8715-425192D88D6E}.Release ASP|Mixed Platforms.Build.0 = Release|Any CPU
		{5C17A246-C4AB-4D66-8715-425192D88D6E}.Release ASP|x86.ActiveCfg = Release|x86
		{5C17A246-C4AB-4D66-8715-425192D88D6E}.Release ASP|x86.Build.0 = Release|x86
		{5C17A246-C4AB-4D66-8715-425192D88D6E}.Release|Any CPU.ActiveCfg = Release|Any CPU
		{5C17A246-C4AB-4D66-8715-425192D88D6E}.Release|Any CPU.Build.0 = Release|Any CPU
		{5C17A246-C4AB-4D66-8715-425192D88D6E}.Release|Mixed Platforms.ActiveCfg = Release|Any CPU
		{5C17A246-C4AB-4D66-8715-425192D88D6E}.Release|Mixed Platforms.Build.0 = Release|Any CPU
		{5C17A246-C4AB-4D66-8715-425192D88D6E}.Release|x86.ActiveCfg = Release|x86
		{5C17A246-C4AB-4D66-8715-425192D88D6E}.Release|x86.Build.0 = Release|x86
		{5C17A246-C4AB-4D66-8715-425192D88D6E}.UNIT_TESTS_USAGE_TRACKING|Any CPU.ActiveCfg = Release|Any CPU
		{5C17A246-C4AB-4D66-8715-425192D88D6E}.UNIT_TESTS_USAGE_TRACKING|Any CPU.Build.0 = Release|Any CPU
		{5C17A246-C4AB-4D66-8715-425192D88D6E}.UNIT_TESTS_USAGE_TRACKING|Mixed Platforms.ActiveCfg = Release|Any CPU
		{5C17A246-C4AB-4D66-8715-425192D88D6E}.UNIT_TESTS_USAGE_TRACKING|Mixed Platforms.Build.0 = Release|Any CPU
		{5C17A246-C4AB-4D66-8715-425192D88D6E}.UNIT_TESTS_USAGE_TRACKING|x86.ActiveCfg = Release|x86
		{5C17A246-C4AB-4D66-8715-425192D88D6E}.UNIT_TESTS_USAGE_TRACKING|x86.Build.0 = Release|x86
		{9144D03E-C4A2-4B34-B3B2-89A8834B3F02}.Debug ASP|Any CPU.ActiveCfg = Debug|Any CPU
		{9144D03E-C4A2-4B34-B3B2-89A8834B3F02}.Debug ASP|Any CPU.Build.0 = Debug|Any CPU
		{9144D03E-C4A2-4B34-B3B2-89A8834B3F02}.Debug ASP|Mixed Platforms.ActiveCfg = Debug|Any CPU
		{9144D03E-C4A2-4B34-B3B2-89A8834B3F02}.Debug ASP|Mixed Platforms.Build.0 = Debug|Any CPU
		{9144D03E-C4A2-4B34-B3B2-89A8834B3F02}.Debug ASP|x86.ActiveCfg = Debug|x86
		{9144D03E-C4A2-4B34-B3B2-89A8834B3F02}.Debug ASP|x86.Build.0 = Debug|x86
		{9144D03E-C4A2-4B34-B3B2-89A8834B3F02}.Debug|Any CPU.ActiveCfg = Debug|Any CPU
		{9144D03E-C4A2-4B34-B3B2-89A8834B3F02}.Debug|Mixed Platforms.ActiveCfg = Debug|Any CPU
		{9144D03E-C4A2-4B34-B3B2-89A8834B3F02}.Debug|x86.ActiveCfg = Debug|x86
		{9144D03E-C4A2-4B34-B3B2-89A8834B3F02}.Debug|x86.Build.0 = Debug|x86
		{9144D03E-C4A2-4B34-B3B2-89A8834B3F02}.Release ASP|Any CPU.ActiveCfg = Release|Any CPU
		{9144D03E-C4A2-4B34-B3B2-89A8834B3F02}.Release ASP|Any CPU.Build.0 = Release|Any CPU
		{9144D03E-C4A2-4B34-B3B2-89A8834B3F02}.Release ASP|Mixed Platforms.ActiveCfg = Release|Any CPU
		{9144D03E-C4A2-4B34-B3B2-89A8834B3F02}.Release ASP|Mixed Platforms.Build.0 = Release|Any CPU
		{9144D03E-C4A2-4B34-B3B2-89A8834B3F02}.Release ASP|x86.ActiveCfg = Release|x86
		{9144D03E-C4A2-4B34-B3B2-89A8834B3F02}.Release ASP|x86.Build.0 = Release|x86
		{9144D03E-C4A2-4B34-B3B2-89A8834B3F02}.Release|Any CPU.ActiveCfg = Release|Any CPU
		{9144D03E-C4A2-4B34-B3B2-89A8834B3F02}.Release|Any CPU.Build.0 = Release|Any CPU
		{9144D03E-C4A2-4B34-B3B2-89A8834B3F02}.Release|Mixed Platforms.ActiveCfg = Release|Any CPU
		{9144D03E-C4A2-4B34-B3B2-89A8834B3F02}.Release|Mixed Platforms.Build.0 = Release|Any CPU
		{9144D03E-C4A2-4B34-B3B2-89A8834B3F02}.Release|x86.ActiveCfg = Release|x86
		{9144D03E-C4A2-4B34-B3B2-89A8834B3F02}.Release|x86.Build.0 = Release|x86
		{9144D03E-C4A2-4B34-B3B2-89A8834B3F02}.UNIT_TESTS_USAGE_TRACKING|Any CPU.ActiveCfg = Release|Any CPU
		{9144D03E-C4A2-4B34-B3B2-89A8834B3F02}.UNIT_TESTS_USAGE_TRACKING|Any CPU.Build.0 = Release|Any CPU
		{9144D03E-C4A2-4B34-B3B2-89A8834B3F02}.UNIT_TESTS_USAGE_TRACKING|Mixed Platforms.ActiveCfg = Release|Any CPU
		{9144D03E-C4A2-4B34-B3B2-89A8834B3F02}.UNIT_TESTS_USAGE_TRACKING|Mixed Platforms.Build.0 = Release|Any CPU
		{9144D03E-C4A2-4B34-B3B2-89A8834B3F02}.UNIT_TESTS_USAGE_TRACKING|x86.ActiveCfg = Release|x86
		{9144D03E-C4A2-4B34-B3B2-89A8834B3F02}.UNIT_TESTS_USAGE_TRACKING|x86.Build.0 = Release|x86
		{FEFD73C5-8541-47D2-BBDB-FF61DEA28291}.Debug ASP|Any CPU.ActiveCfg = Debug|Any CPU
		{FEFD73C5-8541-47D2-BBDB-FF61DEA28291}.Debug ASP|Any CPU.Build.0 = Debug|Any CPU
		{FEFD73C5-8541-47D2-BBDB-FF61DEA28291}.Debug ASP|Mixed Platforms.ActiveCfg = Debug|Any CPU
		{FEFD73C5-8541-47D2-BBDB-FF61DEA28291}.Debug ASP|Mixed Platforms.Build.0 = Debug|Any CPU
		{FEFD73C5-8541-47D2-BBDB-FF61DEA28291}.Debug ASP|x86.ActiveCfg = Debug|x86
		{FEFD73C5-8541-47D2-BBDB-FF61DEA28291}.Debug ASP|x86.Build.0 = Debug|x86
		{FEFD73C5-8541-47D2-BBDB-FF61DEA28291}.Debug|Any CPU.ActiveCfg = Debug|Any CPU
		{FEFD73C5-8541-47D2-BBDB-FF61DEA28291}.Debug|Mixed Platforms.ActiveCfg = Debug|Any CPU
		{FEFD73C5-8541-47D2-BBDB-FF61DEA28291}.Debug|x86.ActiveCfg = Debug|x86
		{FEFD73C5-8541-47D2-BBDB-FF61DEA28291}.Debug|x86.Build.0 = Debug|x86
		{FEFD73C5-8541-47D2-BBDB-FF61DEA28291}.Release ASP|Any CPU.ActiveCfg = Release|Any CPU
		{FEFD73C5-8541-47D2-BBDB-FF61DEA28291}.Release ASP|Any CPU.Build.0 = Release|Any CPU
		{FEFD73C5-8541-47D2-BBDB-FF61DEA28291}.Release ASP|Mixed Platforms.ActiveCfg = Release|Any CPU
		{FEFD73C5-8541-47D2-BBDB-FF61DEA28291}.Release ASP|Mixed Platforms.Build.0 = Release|Any CPU
		{FEFD73C5-8541-47D2-BBDB-FF61DEA28291}.Release ASP|x86.ActiveCfg = Release|x86
		{FEFD73C5-8541-47D2-BBDB-FF61DEA28291}.Release ASP|x86.Build.0 = Release|x86
		{FEFD73C5-8541-47D2-BBDB-FF61DEA28291}.Release|Any CPU.ActiveCfg = Release|Any CPU
		{FEFD73C5-8541-47D2-BBDB-FF61DEA28291}.Release|Any CPU.Build.0 = Release|Any CPU
		{FEFD73C5-8541-47D2-BBDB-FF61DEA28291}.Release|Mixed Platforms.ActiveCfg = Release|Any CPU
		{FEFD73C5-8541-47D2-BBDB-FF61DEA28291}.Release|Mixed Platforms.Build.0 = Release|Any CPU
		{FEFD73C5-8541-47D2-BBDB-FF61DEA28291}.Release|x86.ActiveCfg = Release|x86
		{FEFD73C5-8541-47D2-BBDB-FF61DEA28291}.Release|x86.Build.0 = Release|x86
		{FEFD73C5-8541-47D2-BBDB-FF61DEA28291}.UNIT_TESTS_USAGE_TRACKING|Any CPU.ActiveCfg = Release|Any CPU
		{FEFD73C5-8541-47D2-BBDB-FF61DEA28291}.UNIT_TESTS_USAGE_TRACKING|Any CPU.Build.0 = Release|Any CPU
		{FEFD73C5-8541-47D2-BBDB-FF61DEA28291}.UNIT_TESTS_USAGE_TRACKING|Mixed Platforms.ActiveCfg = Release|Any CPU
		{FEFD73C5-8541-47D2-BBDB-FF61DEA28291}.UNIT_TESTS_USAGE_TRACKING|Mixed Platforms.Build.0 = Release|Any CPU
		{FEFD73C5-8541-47D2-BBDB-FF61DEA28291}.UNIT_TESTS_USAGE_TRACKING|x86.ActiveCfg = Release|x86
		{FEFD73C5-8541-47D2-BBDB-FF61DEA28291}.UNIT_TESTS_USAGE_TRACKING|x86.Build.0 = Release|x86
		{AB89527E-B1B6-49A4-B3A0-D07948FC23E0}.Debug ASP|Any CPU.ActiveCfg = Debug|Any CPU
		{AB89527E-B1B6-49A4-B3A0-D07948FC23E0}.Debug ASP|Any CPU.Build.0 = Debug|Any CPU
		{AB89527E-B1B6-49A4-B3A0-D07948FC23E0}.Debug ASP|Mixed Platforms.ActiveCfg = Debug|Any CPU
		{AB89527E-B1B6-49A4-B3A0-D07948FC23E0}.Debug ASP|Mixed Platforms.Build.0 = Debug|Any CPU
		{AB89527E-B1B6-49A4-B3A0-D07948FC23E0}.Debug ASP|x86.ActiveCfg = Debug|x86
		{AB89527E-B1B6-49A4-B3A0-D07948FC23E0}.Debug ASP|x86.Build.0 = Debug|x86
		{AB89527E-B1B6-49A4-B3A0-D07948FC23E0}.Debug|Any CPU.ActiveCfg = Debug|Any CPU
		{AB89527E-B1B6-49A4-B3A0-D07948FC23E0}.Debug|Mixed Platforms.ActiveCfg = Debug|Any CPU
		{AB89527E-B1B6-49A4-B3A0-D07948FC23E0}.Debug|x86.ActiveCfg = Debug|x86
		{AB89527E-B1B6-49A4-B3A0-D07948FC23E0}.Debug|x86.Build.0 = Debug|x86
		{AB89527E-B1B6-49A4-B3A0-D07948FC23E0}.Release ASP|Any CPU.ActiveCfg = Release|Any CPU
		{AB89527E-B1B6-49A4-B3A0-D07948FC23E0}.Release ASP|Any CPU.Build.0 = Release|Any CPU
		{AB89527E-B1B6-49A4-B3A0-D07948FC23E0}.Release ASP|Mixed Platforms.ActiveCfg = Release|Any CPU
		{AB89527E-B1B6-49A4-B3A0-D07948FC23E0}.Release ASP|Mixed Platforms.Build.0 = Release|Any CPU
		{AB89527E-B1B6-49A4-B3A0-D07948FC23E0}.Release ASP|x86.ActiveCfg = Release|x86
		{AB89527E-B1B6-49A4-B3A0-D07948FC23E0}.Release ASP|x86.Build.0 = Release|x86
		{AB89527E-B1B6-49A4-B3A0-D07948FC23E0}.Release|Any CPU.ActiveCfg = Release|Any CPU
		{AB89527E-B1B6-49A4-B3A0-D07948FC23E0}.Release|Any CPU.Build.0 = Release|Any CPU
		{AB89527E-B1B6-49A4-B3A0-D07948FC23E0}.Release|Mixed Platforms.ActiveCfg = Release|Any CPU
		{AB89527E-B1B6-49A4-B3A0-D07948FC23E0}.Release|Mixed Platforms.Build.0 = Release|Any CPU
		{AB89527E-B1B6-49A4-B3A0-D07948FC23E0}.Release|x86.ActiveCfg = Release|x86
		{AB89527E-B1B6-49A4-B3A0-D07948FC23E0}.Release|x86.Build.0 = Release|x86
		{AB89527E-B1B6-49A4-B3A0-D07948FC23E0}.UNIT_TESTS_USAGE_TRACKING|Any CPU.ActiveCfg = Release|Any CPU
		{AB89527E-B1B6-49A4-B3A0-D07948FC23E0}.UNIT_TESTS_USAGE_TRACKING|Any CPU.Build.0 = Release|Any CPU
		{AB89527E-B1B6-49A4-B3A0-D07948FC23E0}.UNIT_TESTS_USAGE_TRACKING|Mixed Platforms.ActiveCfg = Release|Any CPU
		{AB89527E-B1B6-49A4-B3A0-D07948FC23E0}.UNIT_TESTS_USAGE_TRACKING|Mixed Platforms.Build.0 = Release|Any CPU
		{AB89527E-B1B6-49A4-B3A0-D07948FC23E0}.UNIT_TESTS_USAGE_TRACKING|x86.ActiveCfg = Release|x86
		{AB89527E-B1B6-49A4-B3A0-D07948FC23E0}.UNIT_TESTS_USAGE_TRACKING|x86.Build.0 = Release|x86
		{48497253-4461-49C3-90D9-58AA389ED22E}.Debug ASP|Any CPU.ActiveCfg = Debug|Any CPU
		{48497253-4461-49C3-90D9-58AA389ED22E}.Debug ASP|Any CPU.Build.0 = Debug|Any CPU
		{48497253-4461-49C3-90D9-58AA389ED22E}.Debug ASP|Mixed Platforms.ActiveCfg = Debug|Any CPU
		{48497253-4461-49C3-90D9-58AA389ED22E}.Debug ASP|Mixed Platforms.Build.0 = Debug|Any CPU
		{48497253-4461-49C3-90D9-58AA389ED22E}.Debug ASP|x86.ActiveCfg = Debug|x86
		{48497253-4461-49C3-90D9-58AA389ED22E}.Debug ASP|x86.Build.0 = Debug|x86
		{48497253-4461-49C3-90D9-58AA389ED22E}.Debug|Any CPU.ActiveCfg = Debug|Any CPU
		{48497253-4461-49C3-90D9-58AA389ED22E}.Debug|Mixed Platforms.ActiveCfg = Debug|Any CPU
		{48497253-4461-49C3-90D9-58AA389ED22E}.Debug|x86.ActiveCfg = Debug|x86
		{48497253-4461-49C3-90D9-58AA389ED22E}.Debug|x86.Build.0 = Debug|x86
		{48497253-4461-49C3-90D9-58AA389ED22E}.Release ASP|Any CPU.ActiveCfg = Release|Any CPU
		{48497253-4461-49C3-90D9-58AA389ED22E}.Release ASP|Any CPU.Build.0 = Release|Any CPU
		{48497253-4461-49C3-90D9-58AA389ED22E}.Release ASP|Mixed Platforms.ActiveCfg = Release|Any CPU
		{48497253-4461-49C3-90D9-58AA389ED22E}.Release ASP|Mixed Platforms.Build.0 = Release|Any CPU
		{48497253-4461-49C3-90D9-58AA389ED22E}.Release ASP|x86.ActiveCfg = Release|x86
		{48497253-4461-49C3-90D9-58AA389ED22E}.Release ASP|x86.Build.0 = Release|x86
		{48497253-4461-49C3-90D9-58AA389ED22E}.Release|Any CPU.ActiveCfg = Release|Any CPU
		{48497253-4461-49C3-90D9-58AA389ED22E}.Release|Any CPU.Build.0 = Release|Any CPU
		{48497253-4461-49C3-90D9-58AA389ED22E}.Release|Mixed Platforms.ActiveCfg = Release|Any CPU
		{48497253-4461-49C3-90D9-58AA389ED22E}.Release|Mixed Platforms.Build.0 = Release|Any CPU
		{48497253-4461-49C3-90D9-58AA389ED22E}.Release|x86.ActiveCfg = Release|x86
		{48497253-4461-49C3-90D9-58AA389ED22E}.Release|x86.Build.0 = Release|x86
		{48497253-4461-49C3-90D9-58AA389ED22E}.UNIT_TESTS_USAGE_TRACKING|Any CPU.ActiveCfg = Release|Any CPU
		{48497253-4461-49C3-90D9-58AA389ED22E}.UNIT_TESTS_USAGE_TRACKING|Any CPU.Build.0 = Release|Any CPU
		{48497253-4461-49C3-90D9-58AA389ED22E}.UNIT_TESTS_USAGE_TRACKING|Mixed Platforms.ActiveCfg = Release|Any CPU
		{48497253-4461-49C3-90D9-58AA389ED22E}.UNIT_TESTS_USAGE_TRACKING|Mixed Platforms.Build.0 = Release|Any CPU
		{48497253-4461-49C3-90D9-58AA389ED22E}.UNIT_TESTS_USAGE_TRACKING|x86.ActiveCfg = Release|x86
		{48497253-4461-49C3-90D9-58AA389ED22E}.UNIT_TESTS_USAGE_TRACKING|x86.Build.0 = Release|x86
		{10F61F88-3FAF-49A4-8CD1-DC06771AE6B6}.Debug ASP|Any CPU.ActiveCfg = Debug|Any CPU
		{10F61F88-3FAF-49A4-8CD1-DC06771AE6B6}.Debug ASP|Any CPU.Build.0 = Debug|Any CPU
		{10F61F88-3FAF-49A4-8CD1-DC06771AE6B6}.Debug ASP|Mixed Platforms.ActiveCfg = Debug|Any CPU
		{10F61F88-3FAF-49A4-8CD1-DC06771AE6B6}.Debug ASP|Mixed Platforms.Build.0 = Debug|Any CPU
		{10F61F88-3FAF-49A4-8CD1-DC06771AE6B6}.Debug ASP|x86.ActiveCfg = Debug|x86
		{10F61F88-3FAF-49A4-8CD1-DC06771AE6B6}.Debug ASP|x86.Build.0 = Debug|x86
		{10F61F88-3FAF-49A4-8CD1-DC06771AE6B6}.Debug|Any CPU.ActiveCfg = Debug|Any CPU
		{10F61F88-3FAF-49A4-8CD1-DC06771AE6B6}.Debug|Mixed Platforms.ActiveCfg = Debug|Any CPU
		{10F61F88-3FAF-49A4-8CD1-DC06771AE6B6}.Debug|x86.ActiveCfg = Debug|x86
		{10F61F88-3FAF-49A4-8CD1-DC06771AE6B6}.Debug|x86.Build.0 = Debug|x86
		{10F61F88-3FAF-49A4-8CD1-DC06771AE6B6}.Release ASP|Any CPU.ActiveCfg = Release|Any CPU
		{10F61F88-3FAF-49A4-8CD1-DC06771AE6B6}.Release ASP|Any CPU.Build.0 = Release|Any CPU
		{10F61F88-3FAF-49A4-8CD1-DC06771AE6B6}.Release ASP|Mixed Platforms.ActiveCfg = Release|Any CPU
		{10F61F88-3FAF-49A4-8CD1-DC06771AE6B6}.Release ASP|Mixed Platforms.Build.0 = Release|Any CPU
		{10F61F88-3FAF-49A4-8CD1-DC06771AE6B6}.Release ASP|x86.ActiveCfg = Release|x86
		{10F61F88-3FAF-49A4-8CD1-DC06771AE6B6}.Release ASP|x86.Build.0 = Release|x86
		{10F61F88-3FAF-49A4-8CD1-DC06771AE6B6}.Release|Any CPU.ActiveCfg = Release|Any CPU
		{10F61F88-3FAF-49A4-8CD1-DC06771AE6B6}.Release|Any CPU.Build.0 = Release|Any CPU
		{10F61F88-3FAF-49A4-8CD1-DC06771AE6B6}.Release|Mixed Platforms.ActiveCfg = Release|Any CPU
		{10F61F88-3FAF-49A4-8CD1-DC06771AE6B6}.Release|Mixed Platforms.Build.0 = Release|Any CPU
		{10F61F88-3FAF-49A4-8CD1-DC06771AE6B6}.Release|x86.ActiveCfg = Release|x86
		{10F61F88-3FAF-49A4-8CD1-DC06771AE6B6}.Release|x86.Build.0 = Release|x86
		{10F61F88-3FAF-49A4-8CD1-DC06771AE6B6}.UNIT_TESTS_USAGE_TRACKING|Any CPU.ActiveCfg = Release|Any CPU
		{10F61F88-3FAF-49A4-8CD1-DC06771AE6B6}.UNIT_TESTS_USAGE_TRACKING|Any CPU.Build.0 = Release|Any CPU
		{10F61F88-3FAF-49A4-8CD1-DC06771AE6B6}.UNIT_TESTS_USAGE_TRACKING|Mixed Platforms.ActiveCfg = Release|Any CPU
		{10F61F88-3FAF-49A4-8CD1-DC06771AE6B6}.UNIT_TESTS_USAGE_TRACKING|Mixed Platforms.Build.0 = Release|Any CPU
		{10F61F88-3FAF-49A4-8CD1-DC06771AE6B6}.UNIT_TESTS_USAGE_TRACKING|x86.ActiveCfg = Release|x86
		{10F61F88-3FAF-49A4-8CD1-DC06771AE6B6}.UNIT_TESTS_USAGE_TRACKING|x86.Build.0 = Release|x86
		{23D34831-3519-4464-A8CB-3F89020F3D3F}.Debug ASP|Any CPU.ActiveCfg = Debug|Any CPU
		{23D34831-3519-4464-A8CB-3F89020F3D3F}.Debug ASP|Any CPU.Build.0 = Debug|Any CPU
		{23D34831-3519-4464-A8CB-3F89020F3D3F}.Debug ASP|Mixed Platforms.ActiveCfg = Debug|Any CPU
		{23D34831-3519-4464-A8CB-3F89020F3D3F}.Debug ASP|Mixed Platforms.Build.0 = Debug|Any CPU
		{23D34831-3519-4464-A8CB-3F89020F3D3F}.Debug ASP|x86.ActiveCfg = Debug|Any CPU
		{23D34831-3519-4464-A8CB-3F89020F3D3F}.Debug|Any CPU.ActiveCfg = Debug|Any CPU
		{23D34831-3519-4464-A8CB-3F89020F3D3F}.Debug|Any CPU.Build.0 = Debug|Any CPU
		{23D34831-3519-4464-A8CB-3F89020F3D3F}.Debug|Mixed Platforms.ActiveCfg = Debug|Any CPU
		{23D34831-3519-4464-A8CB-3F89020F3D3F}.Debug|x86.ActiveCfg = Debug|Any CPU
		{23D34831-3519-4464-A8CB-3F89020F3D3F}.Release ASP|Any CPU.ActiveCfg = Release|Any CPU
		{23D34831-3519-4464-A8CB-3F89020F3D3F}.Release ASP|Any CPU.Build.0 = Release|Any CPU
		{23D34831-3519-4464-A8CB-3F89020F3D3F}.Release ASP|Mixed Platforms.ActiveCfg = Release|Any CPU
		{23D34831-3519-4464-A8CB-3F89020F3D3F}.Release ASP|Mixed Platforms.Build.0 = Release|Any CPU
		{23D34831-3519-4464-A8CB-3F89020F3D3F}.Release ASP|x86.ActiveCfg = Release|Any CPU
		{23D34831-3519-4464-A8CB-3F89020F3D3F}.Release|Any CPU.ActiveCfg = Release|Any CPU
		{23D34831-3519-4464-A8CB-3F89020F3D3F}.Release|Any CPU.Build.0 = Release|Any CPU
		{23D34831-3519-4464-A8CB-3F89020F3D3F}.Release|Mixed Platforms.ActiveCfg = Release|Any CPU
		{23D34831-3519-4464-A8CB-3F89020F3D3F}.Release|Mixed Platforms.Build.0 = Release|Any CPU
		{23D34831-3519-4464-A8CB-3F89020F3D3F}.Release|x86.ActiveCfg = Release|Any CPU
		{23D34831-3519-4464-A8CB-3F89020F3D3F}.UNIT_TESTS_USAGE_TRACKING|Any CPU.ActiveCfg = Release|Any CPU
		{23D34831-3519-4464-A8CB-3F89020F3D3F}.UNIT_TESTS_USAGE_TRACKING|Any CPU.Build.0 = Release|Any CPU
		{23D34831-3519-4464-A8CB-3F89020F3D3F}.UNIT_TESTS_USAGE_TRACKING|Mixed Platforms.ActiveCfg = Release|Any CPU
		{23D34831-3519-4464-A8CB-3F89020F3D3F}.UNIT_TESTS_USAGE_TRACKING|Mixed Platforms.Build.0 = Release|Any CPU
		{23D34831-3519-4464-A8CB-3F89020F3D3F}.UNIT_TESTS_USAGE_TRACKING|x86.ActiveCfg = Release|Any CPU
		{624BC225-49A8-4E92-942D-CDC976292EB9}.Debug ASP|Any CPU.ActiveCfg = Debug|x86
		{624BC225-49A8-4E92-942D-CDC976292EB9}.Debug ASP|Mixed Platforms.ActiveCfg = Debug|x86
		{624BC225-49A8-4E92-942D-CDC976292EB9}.Debug ASP|Mixed Platforms.Build.0 = Debug|x86
		{624BC225-49A8-4E92-942D-CDC976292EB9}.Debug ASP|x86.ActiveCfg = Debug|x86
		{624BC225-49A8-4E92-942D-CDC976292EB9}.Debug ASP|x86.Build.0 = Debug|x86
		{624BC225-49A8-4E92-942D-CDC976292EB9}.Debug|Any CPU.ActiveCfg = Debug|Any CPU
		{624BC225-49A8-4E92-942D-CDC976292EB9}.Debug|Any CPU.Build.0 = Debug|Any CPU
		{624BC225-49A8-4E92-942D-CDC976292EB9}.Debug|Mixed Platforms.ActiveCfg = Debug|x86
		{624BC225-49A8-4E92-942D-CDC976292EB9}.Debug|Mixed Platforms.Build.0 = Debug|x86
		{624BC225-49A8-4E92-942D-CDC976292EB9}.Debug|x86.ActiveCfg = Debug|x86
		{624BC225-49A8-4E92-942D-CDC976292EB9}.Debug|x86.Build.0 = Debug|x86
		{624BC225-49A8-4E92-942D-CDC976292EB9}.Release ASP|Any CPU.ActiveCfg = Release|x86
		{624BC225-49A8-4E92-942D-CDC976292EB9}.Release ASP|Mixed Platforms.ActiveCfg = Release|x86
		{624BC225-49A8-4E92-942D-CDC976292EB9}.Release ASP|Mixed Platforms.Build.0 = Release|x86
		{624BC225-49A8-4E92-942D-CDC976292EB9}.Release ASP|x86.ActiveCfg = Release|x86
		{624BC225-49A8-4E92-942D-CDC976292EB9}.Release ASP|x86.Build.0 = Release|x86
		{624BC225-49A8-4E92-942D-CDC976292EB9}.Release|Any CPU.ActiveCfg = Release|Any CPU
		{624BC225-49A8-4E92-942D-CDC976292EB9}.Release|Any CPU.Build.0 = Release|Any CPU
		{624BC225-49A8-4E92-942D-CDC976292EB9}.Release|Mixed Platforms.ActiveCfg = Release|x86
		{624BC225-49A8-4E92-942D-CDC976292EB9}.Release|Mixed Platforms.Build.0 = Release|x86
		{624BC225-49A8-4E92-942D-CDC976292EB9}.Release|x86.ActiveCfg = Release|x86
		{624BC225-49A8-4E92-942D-CDC976292EB9}.Release|x86.Build.0 = Release|x86
		{624BC225-49A8-4E92-942D-CDC976292EB9}.UNIT_TESTS_USAGE_TRACKING|Any CPU.ActiveCfg = Release|x86
		{624BC225-49A8-4E92-942D-CDC976292EB9}.UNIT_TESTS_USAGE_TRACKING|Mixed Platforms.ActiveCfg = Release|x86
		{624BC225-49A8-4E92-942D-CDC976292EB9}.UNIT_TESTS_USAGE_TRACKING|Mixed Platforms.Build.0 = Release|x86
		{624BC225-49A8-4E92-942D-CDC976292EB9}.UNIT_TESTS_USAGE_TRACKING|x86.ActiveCfg = Release|x86
		{624BC225-49A8-4E92-942D-CDC976292EB9}.UNIT_TESTS_USAGE_TRACKING|x86.Build.0 = Release|x86
		{A978D3FE-C6F3-4339-9680-8948DE53B86F}.Debug ASP|Any CPU.ActiveCfg = Debug|x86
		{A978D3FE-C6F3-4339-9680-8948DE53B86F}.Debug ASP|Mixed Platforms.ActiveCfg = Debug|x86
		{A978D3FE-C6F3-4339-9680-8948DE53B86F}.Debug ASP|Mixed Platforms.Build.0 = Debug|x86
		{A978D3FE-C6F3-4339-9680-8948DE53B86F}.Debug ASP|x86.ActiveCfg = Debug|x86
		{A978D3FE-C6F3-4339-9680-8948DE53B86F}.Debug ASP|x86.Build.0 = Debug|x86
		{A978D3FE-C6F3-4339-9680-8948DE53B86F}.Debug|Any CPU.ActiveCfg = Debug|x86
		{A978D3FE-C6F3-4339-9680-8948DE53B86F}.Debug|Mixed Platforms.ActiveCfg = Debug|x86
		{A978D3FE-C6F3-4339-9680-8948DE53B86F}.Debug|Mixed Platforms.Build.0 = Debug|x86
		{A978D3FE-C6F3-4339-9680-8948DE53B86F}.Debug|x86.ActiveCfg = Debug|x86
		{A978D3FE-C6F3-4339-9680-8948DE53B86F}.Debug|x86.Build.0 = Debug|x86
		{A978D3FE-C6F3-4339-9680-8948DE53B86F}.Release ASP|Any CPU.ActiveCfg = Release|x86
		{A978D3FE-C6F3-4339-9680-8948DE53B86F}.Release ASP|Mixed Platforms.ActiveCfg = Release|x86
		{A978D3FE-C6F3-4339-9680-8948DE53B86F}.Release ASP|Mixed Platforms.Build.0 = Release|x86
		{A978D3FE-C6F3-4339-9680-8948DE53B86F}.Release ASP|x86.ActiveCfg = Release|x86
		{A978D3FE-C6F3-4339-9680-8948DE53B86F}.Release ASP|x86.Build.0 = Release|x86
		{A978D3FE-C6F3-4339-9680-8948DE53B86F}.Release|Any CPU.ActiveCfg = Release|x86
		{A978D3FE-C6F3-4339-9680-8948DE53B86F}.Release|Mixed Platforms.ActiveCfg = Release|x86
		{A978D3FE-C6F3-4339-9680-8948DE53B86F}.Release|Mixed Platforms.Build.0 = Release|x86
		{A978D3FE-C6F3-4339-9680-8948DE53B86F}.Release|x86.ActiveCfg = Release|x86
		{A978D3FE-C6F3-4339-9680-8948DE53B86F}.Release|x86.Build.0 = Release|x86
		{A978D3FE-C6F3-4339-9680-8948DE53B86F}.UNIT_TESTS_USAGE_TRACKING|Any CPU.ActiveCfg = Release|x86
		{A978D3FE-C6F3-4339-9680-8948DE53B86F}.UNIT_TESTS_USAGE_TRACKING|Mixed Platforms.ActiveCfg = Release|x86
		{A978D3FE-C6F3-4339-9680-8948DE53B86F}.UNIT_TESTS_USAGE_TRACKING|Mixed Platforms.Build.0 = Release|x86
		{A978D3FE-C6F3-4339-9680-8948DE53B86F}.UNIT_TESTS_USAGE_TRACKING|x86.ActiveCfg = Release|x86
		{A978D3FE-C6F3-4339-9680-8948DE53B86F}.UNIT_TESTS_USAGE_TRACKING|x86.Build.0 = Release|x86
		{BB434EC3-A580-4744-A635-A2B4029C66DE}.Debug ASP|Any CPU.ActiveCfg = Debug|x86
		{BB434EC3-A580-4744-A635-A2B4029C66DE}.Debug ASP|Mixed Platforms.ActiveCfg = Debug|x86
		{BB434EC3-A580-4744-A635-A2B4029C66DE}.Debug ASP|Mixed Platforms.Build.0 = Debug|x86
		{BB434EC3-A580-4744-A635-A2B4029C66DE}.Debug ASP|x86.ActiveCfg = Debug|x86
		{BB434EC3-A580-4744-A635-A2B4029C66DE}.Debug ASP|x86.Build.0 = Debug|x86
		{BB434EC3-A580-4744-A635-A2B4029C66DE}.Debug|Any CPU.ActiveCfg = Debug|Any CPU
		{BB434EC3-A580-4744-A635-A2B4029C66DE}.Debug|Any CPU.Build.0 = Debug|Any CPU
		{BB434EC3-A580-4744-A635-A2B4029C66DE}.Debug|Mixed Platforms.ActiveCfg = Debug|x86
		{BB434EC3-A580-4744-A635-A2B4029C66DE}.Debug|Mixed Platforms.Build.0 = Debug|x86
		{BB434EC3-A580-4744-A635-A2B4029C66DE}.Debug|x86.ActiveCfg = Debug|x86
		{BB434EC3-A580-4744-A635-A2B4029C66DE}.Debug|x86.Build.0 = Debug|x86
		{BB434EC3-A580-4744-A635-A2B4029C66DE}.Release ASP|Any CPU.ActiveCfg = Release|x86
		{BB434EC3-A580-4744-A635-A2B4029C66DE}.Release ASP|Mixed Platforms.ActiveCfg = Release|x86
		{BB434EC3-A580-4744-A635-A2B4029C66DE}.Release ASP|Mixed Platforms.Build.0 = Release|x86
		{BB434EC3-A580-4744-A635-A2B4029C66DE}.Release ASP|x86.ActiveCfg = Release|x86
		{BB434EC3-A580-4744-A635-A2B4029C66DE}.Release ASP|x86.Build.0 = Release|x86
		{BB434EC3-A580-4744-A635-A2B4029C66DE}.Release|Any CPU.ActiveCfg = Release|Any CPU
		{BB434EC3-A580-4744-A635-A2B4029C66DE}.Release|Any CPU.Build.0 = Release|Any CPU
		{BB434EC3-A580-4744-A635-A2B4029C66DE}.Release|Mixed Platforms.ActiveCfg = Release|x86
		{BB434EC3-A580-4744-A635-A2B4029C66DE}.Release|Mixed Platforms.Build.0 = Release|x86
		{BB434EC3-A580-4744-A635-A2B4029C66DE}.Release|x86.ActiveCfg = Release|x86
		{BB434EC3-A580-4744-A635-A2B4029C66DE}.Release|x86.Build.0 = Release|x86
		{BB434EC3-A580-4744-A635-A2B4029C66DE}.UNIT_TESTS_USAGE_TRACKING|Any CPU.ActiveCfg = Release|x86
		{BB434EC3-A580-4744-A635-A2B4029C66DE}.UNIT_TESTS_USAGE_TRACKING|Mixed Platforms.ActiveCfg = Release|x86
		{BB434EC3-A580-4744-A635-A2B4029C66DE}.UNIT_TESTS_USAGE_TRACKING|Mixed Platforms.Build.0 = Release|x86
		{BB434EC3-A580-4744-A635-A2B4029C66DE}.UNIT_TESTS_USAGE_TRACKING|x86.ActiveCfg = Release|x86
		{BB434EC3-A580-4744-A635-A2B4029C66DE}.UNIT_TESTS_USAGE_TRACKING|x86.Build.0 = Release|x86
		{9CA6A6B8-2E7A-4D2C-AC35-D369F6B15AC8}.Debug ASP|Any CPU.ActiveCfg = Debug|x86
		{9CA6A6B8-2E7A-4D2C-AC35-D369F6B15AC8}.Debug ASP|Mixed Platforms.ActiveCfg = Debug|x86
		{9CA6A6B8-2E7A-4D2C-AC35-D369F6B15AC8}.Debug ASP|Mixed Platforms.Build.0 = Debug|x86
		{9CA6A6B8-2E7A-4D2C-AC35-D369F6B15AC8}.Debug ASP|x86.ActiveCfg = Debug|x86
		{9CA6A6B8-2E7A-4D2C-AC35-D369F6B15AC8}.Debug ASP|x86.Build.0 = Debug|x86
		{9CA6A6B8-2E7A-4D2C-AC35-D369F6B15AC8}.Debug|Any CPU.ActiveCfg = Debug|Any CPU
		{9CA6A6B8-2E7A-4D2C-AC35-D369F6B15AC8}.Debug|Any CPU.Build.0 = Debug|Any CPU
		{9CA6A6B8-2E7A-4D2C-AC35-D369F6B15AC8}.Debug|Mixed Platforms.ActiveCfg = Debug|x86
		{9CA6A6B8-2E7A-4D2C-AC35-D369F6B15AC8}.Debug|Mixed Platforms.Build.0 = Debug|x86
		{9CA6A6B8-2E7A-4D2C-AC35-D369F6B15AC8}.Debug|x86.ActiveCfg = Debug|x86
		{9CA6A6B8-2E7A-4D2C-AC35-D369F6B15AC8}.Debug|x86.Build.0 = Debug|x86
		{9CA6A6B8-2E7A-4D2C-AC35-D369F6B15AC8}.Release ASP|Any CPU.ActiveCfg = Release|x86
		{9CA6A6B8-2E7A-4D2C-AC35-D369F6B15AC8}.Release ASP|Mixed Platforms.ActiveCfg = Release|x86
		{9CA6A6B8-2E7A-4D2C-AC35-D369F6B15AC8}.Release ASP|Mixed Platforms.Build.0 = Release|x86
		{9CA6A6B8-2E7A-4D2C-AC35-D369F6B15AC8}.Release ASP|x86.ActiveCfg = Release|x86
		{9CA6A6B8-2E7A-4D2C-AC35-D369F6B15AC8}.Release ASP|x86.Build.0 = Release|x86
		{9CA6A6B8-2E7A-4D2C-AC35-D369F6B15AC8}.Release|Any CPU.ActiveCfg = Release|Any CPU
		{9CA6A6B8-2E7A-4D2C-AC35-D369F6B15AC8}.Release|Any CPU.Build.0 = Release|Any CPU
		{9CA6A6B8-2E7A-4D2C-AC35-D369F6B15AC8}.Release|Mixed Platforms.ActiveCfg = Release|x86
		{9CA6A6B8-2E7A-4D2C-AC35-D369F6B15AC8}.Release|Mixed Platforms.Build.0 = Release|x86
		{9CA6A6B8-2E7A-4D2C-AC35-D369F6B15AC8}.Release|x86.ActiveCfg = Release|x86
		{9CA6A6B8-2E7A-4D2C-AC35-D369F6B15AC8}.Release|x86.Build.0 = Release|x86
		{9CA6A6B8-2E7A-4D2C-AC35-D369F6B15AC8}.UNIT_TESTS_USAGE_TRACKING|Any CPU.ActiveCfg = Release|x86
		{9CA6A6B8-2E7A-4D2C-AC35-D369F6B15AC8}.UNIT_TESTS_USAGE_TRACKING|Mixed Platforms.ActiveCfg = Release|x86
		{9CA6A6B8-2E7A-4D2C-AC35-D369F6B15AC8}.UNIT_TESTS_USAGE_TRACKING|Mixed Platforms.Build.0 = Release|x86
		{9CA6A6B8-2E7A-4D2C-AC35-D369F6B15AC8}.UNIT_TESTS_USAGE_TRACKING|x86.ActiveCfg = Release|x86
		{9CA6A6B8-2E7A-4D2C-AC35-D369F6B15AC8}.UNIT_TESTS_USAGE_TRACKING|x86.Build.0 = Release|x86
	EndGlobalSection
	GlobalSection(SolutionProperties) = preSolution
		HideSolutionNode = FALSE
	EndGlobalSection
	GlobalSection(NestedProjects) = preSolution
		{F6EAD428-E6CF-4DF6-B2F3-D33D532C5343} = {03A72338-B6AB-4BD4-9BF9-58033CF28B20}
		{AD9ECE2B-8268-4115-8DC8-860FBD011FFF} = {03A72338-B6AB-4BD4-9BF9-58033CF28B20}
		{FEFD73C5-8541-47D2-BBDB-FF61DEA28291} = {03A72338-B6AB-4BD4-9BF9-58033CF28B20}
		{624BC225-49A8-4E92-942D-CDC976292EB9} = {03A72338-B6AB-4BD4-9BF9-58033CF28B20}
		{26E9A01A-64B5-42C5-8252-FBB30DF9CEC7} = {86F0F125-9303-4827-9D11-025716E802EC}
		{BB434EC3-A580-4744-A635-A2B4029C66DE} = {86F0F125-9303-4827-9D11-025716E802EC}
		{9CA6A6B8-2E7A-4D2C-AC35-D369F6B15AC8} = {86F0F125-9303-4827-9D11-025716E802EC}
		{85100D3E-471C-47C9-9687-ABF25F617ED7} = {321D399D-B5D9-4AE3-8934-EB4C51BDF304}
		{76E7A94E-5DCB-4B12-8D9E-7BD5084CE073} = {321D399D-B5D9-4AE3-8934-EB4C51BDF304}
		{9AF0770C-7E9F-483F-8429-D7894F06EB6C} = {321D399D-B5D9-4AE3-8934-EB4C51BDF304}
		{A7C78084-947E-4955-9473-9F186B760AEC} = {321D399D-B5D9-4AE3-8934-EB4C51BDF304}
		{1B8C0C00-F5E4-42B6-A389-B01717AF9460} = {321D399D-B5D9-4AE3-8934-EB4C51BDF304}
		{89DF567B-A0D1-456A-A28F-043FD57D7F9A} = {321D399D-B5D9-4AE3-8934-EB4C51BDF304}
		{5C17A246-C4AB-4D66-8715-425192D88D6E} = {321D399D-B5D9-4AE3-8934-EB4C51BDF304}
		{9144D03E-C4A2-4B34-B3B2-89A8834B3F02} = {321D399D-B5D9-4AE3-8934-EB4C51BDF304}
		{AB89527E-B1B6-49A4-B3A0-D07948FC23E0} = {321D399D-B5D9-4AE3-8934-EB4C51BDF304}
		{48497253-4461-49C3-90D9-58AA389ED22E} = {321D399D-B5D9-4AE3-8934-EB4C51BDF304}
		{10F61F88-3FAF-49A4-8CD1-DC06771AE6B6} = {321D399D-B5D9-4AE3-8934-EB4C51BDF304}
		{23D34831-3519-4464-A8CB-3F89020F3D3F} = {321D399D-B5D9-4AE3-8934-EB4C51BDF304}
		{A978D3FE-C6F3-4339-9680-8948DE53B86F} = {9A38A1F6-102A-48E1-87F8-6176FFACEBA8}
	EndGlobalSection
	GlobalSection(ExtensibilityGlobals) = postSolution
		VisualSVNWorkingCopyRoot = ..
	EndGlobalSection
	GlobalSection(TextTemplating) = postSolution
		TextTemplating = 1
	EndGlobalSection
EndGlobal
